
Microsoft Visual Studio Solution File, Format Version 12.00
# Visual Studio 15
VisualStudioVersion = 15.0.36324.19
MinimumVisualStudioVersion = 10.0.40219.1
Project("{FAE04EC0-301F-11D3-BF4B-00C04F79EFBC}") = "Common", "Common.csproj", "{CE169E52-A80E-4C19-B75B-823907B4ECEF}"
EndProject
Global
	GlobalSection(SolutionConfigurationPlatforms) = preSolution
		Debug|Any CPU = Debug|Any CPU
		Release|Any CPU = Release|Any CPU
	EndGlobalSection
	GlobalSection(ProjectConfigurationPlatforms) = postSolution
		{CE169E52-A80E-4C19-B75B-823907B4ECEF}.Debug|Any CPU.ActiveCfg = Debug|Any CPU
		{CE169E52-A80E-4C19-B75B-823907B4ECEF}.Debug|Any CPU.Build.0 = Debug|Any CPU
		{CE169E52-A80E-4C19-B75B-823907B4ECEF}.Release|Any CPU.ActiveCfg = Release|Any CPU
		{CE169E52-A80E-4C19-B75B-823907B4ECEF}.Release|Any CPU.Build.0 = Release|Any CPU
	EndGlobalSection
	GlobalSection(SolutionProperties) = preSolution
		HideSolutionNode = FALSE
	EndGlobalSection
	GlobalSection(ExtensibilityGlobals) = postSolution
		SolutionGuid = {D152C4C6-FE78-4593-B810-08DADD8F6E16}
	EndGlobalSection
EndGlobal
